
Microsoft Visual Studio Solution File, Format Version 12.00
# Visual Studio Version 17
VisualStudioVersion = 17.12.35707.178 d17.12
MinimumVisualStudioVersion = 10.0.40219.1
Project("{FAE04EC0-301F-11D3-BF4B-00C04F79EFBC}") = "ConsoleApp1", "ConsoleApp1.csproj", "{21A416A8-27A4-48C1-989F-C0876546E63B}"
EndProject
Global
	GlobalSection(SolutionConfigurationPlatforms) = preSolution
		Debug|Any CPU = Debug|Any CPU
		Release|Any CPU = Release|Any CPU
	EndGlobalSection
	GlobalSection(ProjectConfigurationPlatforms) = postSolution
		{21A416A8-27A4-48C1-989F-C0876546E63B}.Debug|Any CPU.ActiveCfg = Debug|Any CPU
		{21A416A8-27A4-48C1-989F-C0876546E63B}.Debug|Any CPU.Build.0 = Debug|Any CPU
		{21A416A8-27A4-48C1-989F-C0876546E63B}.Release|Any CPU.ActiveCfg = Release|Any CPU
		{21A416A8-27A4-48C1-989F-C0876546E63B}.Release|Any CPU.Build.0 = Release|Any CPU
	EndGlobalSection
	GlobalSection(SolutionProperties) = preSolution
		HideSolutionNode = FALSE
	EndGlobalSection
EndGlobal
